<?xml version="1.0" encoding="utf-8"?>
<Project ToolsVersion="4.0" xmlns="http://schemas.microsoft.com/developer/msbuild/2003">
  <ItemGroup>
    <ClCompile Include="main.cpp" />
    <ClCompile Include="desktop_capture.cc" />
    <ClCompile Include="desktop_capture_source.cc" />
  </ItemGroup>
  <ItemGroup>
    <ClInclude Include="desktop_capture.h" />
    <ClInclude Include="desktop_capture_source.h" />
  </ItemGroup>
</Project>